// !$*UTF8*$!
{
	archiveVersion = 1;
	classes = {
	};
	objectVersion = 46;
	objects = {

/* Begin PBXBuildFile section */
		21DA4E181B9B97E4004ADBBD /* JWCache.framework in Frameworks */ = {isa = PBXBuildFile; fileRef = 21DA4E0E1B9B97E4004ADBBD /* JWCache.framework */; };
		21DA4E2E1B9B9856004ADBBD /* JWCache.h in Headers */ = {isa = PBXBuildFile; fileRef = 2129FAAE17E63AA300BC8208 /* JWCache.h */; settings = {ATTRIBUTES = (Public, ); }; };
		21DA4E2F1B9B985B004ADBBD /* JWCache.m in Sources */ = {isa = PBXBuildFile; fileRef = 2129FAAF17E63AA300BC8208 /* JWCache.m */; };
		21DA4E301B9B985B004ADBBD /* JWCache+Image.m in Sources */ = {isa = PBXBuildFile; fileRef = 21DA4E071B9B9762004ADBBD /* JWCache+Image.m */; };
		21DA4E311B9B985C004ADBBD /* JWCache+Image.h in Headers */ = {isa = PBXBuildFile; fileRef = 21DA4E061B9B9762004ADBBD /* JWCache+Image.h */; settings = {ATTRIBUTES = (Public, ); }; };
		21DA4E321B9B989D004ADBBD /* JWCacheTests.m in Sources */ = {isa = PBXBuildFile; fileRef = 21DA4E2C1B9B983A004ADBBD /* JWCacheTests.m */; };
		21DA4E341B9B98CD004ADBBD /* JWCache+Private.h in Headers */ = {isa = PBXBuildFile; fileRef = 21DA4E331B9B98BC004ADBBD /* JWCache+Private.h */; };
		21DA4E441B9B9941004ADBBD /* JWCache.framework in Frameworks */ = {isa = PBXBuildFile; fileRef = 21DA4E3A1B9B9940004ADBBD /* JWCache.framework */; };
		21DA4E5E1B9B995C004ADBBD /* JWCacheTests.m in Sources */ = {isa = PBXBuildFile; fileRef = 21DA4E2C1B9B983A004ADBBD /* JWCacheTests.m */; };
		21DA4E5F1B9B995F004ADBBD /* JWCache+Private.h in Headers */ = {isa = PBXBuildFile; fileRef = 21DA4E331B9B98BC004ADBBD /* JWCache+Private.h */; };
		21DA4E601B9B9960004ADBBD /* JWCache+Private.h in Headers */ = {isa = PBXBuildFile; fileRef = 21DA4E331B9B98BC004ADBBD /* JWCache+Private.h */; };
		21DA4E611B9B9963004ADBBD /* JWCache.m in Sources */ = {isa = PBXBuildFile; fileRef = 2129FAAF17E63AA300BC8208 /* JWCache.m */; };
		21DA4E621B9B9968004ADBBD /* JWCache.m in Sources */ = {isa = PBXBuildFile; fileRef = 2129FAAF17E63AA300BC8208 /* JWCache.m */; };
		21DA4E631B9B996A004ADBBD /* JWCache+Image.m in Sources */ = {isa = PBXBuildFile; fileRef = 21DA4E071B9B9762004ADBBD /* JWCache+Image.m */; };
/* End PBXBuildFile section */

/* Begin PBXContainerItemProxy section */
		21DA4E191B9B97E4004ADBBD /* PBXContainerItemProxy */ = {
			isa = PBXContainerItemProxy;
			containerPortal = 218C74B917E63A64008F4A6B /* Project object */;
			proxyType = 1;
			remoteGlobalIDString = 21DA4E0D1B9B97E4004ADBBD;
			remoteInfo = "SAMCache-iOS";
		};
		21DA4E451B9B9941004ADBBD /* PBXContainerItemProxy */ = {
			isa = PBXContainerItemProxy;
			containerPortal = 218C74B917E63A64008F4A6B /* Project object */;
			proxyType = 1;
			remoteGlobalIDString = 21DA4E391B9B9940004ADBBD;
			remoteInfo = "SAMCache-OSX";
		};
/* End PBXContainerItemProxy section */

/* Begin PBXFileReference section */
		2129FAAE17E63AA300BC8208 /* JWCache.h */ = {isa = PBXFileReference; fileEncoding = 4; lastKnownFileType = sourcecode.c.h; path = JWCache.h; sourceTree = "<group>"; };
		2129FAAF17E63AA300BC8208 /* JWCache.m */ = {isa = PBXFileReference; fileEncoding = 4; lastKnownFileType = sourcecode.c.objc; path = JWCache.m; sourceTree = "<group>"; };
		218C74C417E63A64008F4A6B /* Foundation.framework */ = {isa = PBXFileReference; lastKnownFileType = wrapper.framework; name = Foundation.framework; path = System/Library/Frameworks/Foundation.framework; sourceTree = SDKROOT; };
		218C74C617E63A64008F4A6B /* CoreGraphics.framework */ = {isa = PBXFileReference; lastKnownFileType = wrapper.framework; name = CoreGraphics.framework; path = System/Library/Frameworks/CoreGraphics.framework; sourceTree = SDKROOT; };
		218C74C817E63A64008F4A6B /* UIKit.framework */ = {isa = PBXFileReference; lastKnownFileType = wrapper.framework; name = UIKit.framework; path = System/Library/Frameworks/UIKit.framework; sourceTree = SDKROOT; };
		218C74DD17E63A64008F4A6B /* XCTest.framework */ = {isa = PBXFileReference; lastKnownFileType = wrapper.framework; name = XCTest.framework; path = Library/Frameworks/XCTest.framework; sourceTree = DEVELOPER_DIR; };
		21DA4E061B9B9762004ADBBD /* JWCache+Image.h */ = {isa = PBXFileReference; fileEncoding = 4; lastKnownFileType = sourcecode.c.h; path = "JWCache+Image.h"; sourceTree = "<group>"; };
		21DA4E071B9B9762004ADBBD /* JWCache+Image.m */ = {isa = PBXFileReference; fileEncoding = 4; lastKnownFileType = sourcecode.c.objc; path = "JWCache+Image.m"; sourceTree = "<group>"; };
		21DA4E0E1B9B97E4004ADBBD /* JWCache.framework */ = {isa = PBXFileReference; explicitFileType = wrapper.framework; includeInIndex = 0; path = JWCache.framework; sourceTree = BUILT_PRODUCTS_DIR; };
		21DA4E171B9B97E4004ADBBD /* JWCacheTests-iOS.xctest */ = {isa = PBXFileReference; explicitFileType = wrapper.cfbundle; includeInIndex = 0; path = "JWCacheTests-iOS.xctest"; sourceTree = BUILT_PRODUCTS_DIR; };
		21DA4E251B9B9818004ADBBD /* Info.plist */ = {isa = PBXFileReference; fileEncoding = 4; lastKnownFileType = text.plist.xml; path = Info.plist; sourceTree = "<group>"; };
		21DA4E281B9B9825004ADBBD /* Info.plist */ = {isa = PBXFileReference; fileEncoding = 4; lastKnownFileType = text.plist.xml; path = Info.plist; sourceTree = "<group>"; };
		21DA4E2C1B9B983A004ADBBD /* JWCacheTests.m */ = {isa = PBXFileReference; fileEncoding = 4; lastKnownFileType = sourcecode.c.objc; path = JWCacheTests.m; sourceTree = "<group>"; };
		21DA4E331B9B98BC004ADBBD /* JWCache+Private.h */ = {isa = PBXFileReference; lastKnownFileType = sourcecode.c.h; path = "JWCache+Private.h"; sourceTree = "<group>"; };
		21DA4E3A1B9B9940004ADBBD /* JWCache.framework */ = {isa = PBXFileReference; explicitFileType = wrapper.framework; includeInIndex = 0; path = JWCache.framework; sourceTree = BUILT_PRODUCTS_DIR; };
		21DA4E431B9B9941004ADBBD /* JWCacheTests.xctest */ = {isa = PBXFileReference; explicitFileType = wrapper.cfbundle; includeInIndex = 0; path = JWCacheTests.xctest; sourceTree = BUILT_PRODUCTS_DIR; };
		21DA4E561B9B994A004ADBBD /* JWCache.framework */ = {isa = PBXFileReference; explicitFileType = wrapper.framework; includeInIndex = 0; path = JWCache.framework; sourceTree = BUILT_PRODUCTS_DIR; };
/* End PBXFileReference section */

/* Begin PBXFrameworksBuildPhase section */
		21DA4E0A1B9B97E4004ADBBD /* Frameworks */ = {
			isa = PBXFrameworksBuildPhase;
			buildActionMask = 2147483647;
			files = (
			);
			runOnlyForDeploymentPostprocessing = 0;
		};
		21DA4E141B9B97E4004ADBBD /* Frameworks */ = {
			isa = PBXFrameworksBuildPhase;
			buildActionMask = 2147483647;
			files = (
				21DA4E181B9B97E4004ADBBD /* JWCache.framework in Frameworks */,
			);
			runOnlyForDeploymentPostprocessing = 0;
		};
		21DA4E361B9B9940004ADBBD /* Frameworks */ = {
			isa = PBXFrameworksBuildPhase;
			buildActionMask = 2147483647;
			files = (
			);
			runOnlyForDeploymentPostprocessing = 0;
		};
		21DA4E401B9B9941004ADBBD /* Frameworks */ = {
			isa = PBXFrameworksBuildPhase;
			buildActionMask = 2147483647;
			files = (
				21DA4E441B9B9941004ADBBD /* JWCache.framework in Frameworks */,
			);
			runOnlyForDeploymentPostprocessing = 0;
		};
		21DA4E521B9B994A004ADBBD /* Frameworks */ = {
			isa = PBXFrameworksBuildPhase;
			buildActionMask = 2147483647;
			files = (
			);
			runOnlyForDeploymentPostprocessing = 0;
		};
/* End PBXFrameworksBuildPhase section */

/* Begin PBXGroup section */
		2129FAAD17E63AA300BC8208 /* JWCache */ = {
			isa = PBXGroup;
			children = (
				2129FAAE17E63AA300BC8208 /* JWCache.h */,
				2129FAAF17E63AA300BC8208 /* JWCache.m */,
				21DA4E061B9B9762004ADBBD /* JWCache+Image.h */,
				21DA4E071B9B9762004ADBBD /* JWCache+Image.m */,
				21DA4E331B9B98BC004ADBBD /* JWCache+Private.h */,
				21DA4E251B9B9818004ADBBD /* Info.plist */,
			);
			path = JWCache;
			sourceTree = "<group>";
		};
		218C74B817E63A64008F4A6B = {
			isa = PBXGroup;
			children = (
				2129FAAD17E63AA300BC8208 /* JWCache */,
				21DA4E271B9B9825004ADBBD /* Tests */,
				218C74C317E63A64008F4A6B /* Frameworks */,
				218C74C217E63A64008F4A6B /* Products */,
			);
			sourceTree = "<group>";
		};
		218C74C217E63A64008F4A6B /* Products */ = {
			isa = PBXGroup;
			children = (
				21DA4E0E1B9B97E4004ADBBD /* JWCache.framework */,
				21DA4E171B9B97E4004ADBBD /* JWCacheTests-iOS.xctest */,
				21DA4E3A1B9B9940004ADBBD /* JWCache.framework */,
				21DA4E431B9B9941004ADBBD /* JWCacheTests.xctest */,
				21DA4E561B9B994A004ADBBD /* JWCache.framework */,
			);
			name = Products;
			sourceTree = "<group>";
		};
		218C74C317E63A64008F4A6B /* Frameworks */ = {
			isa = PBXGroup;
			children = (
				218C74C417E63A64008F4A6B /* Foundation.framework */,
				218C74C617E63A64008F4A6B /* CoreGraphics.framework */,
				218C74C817E63A64008F4A6B /* UIKit.framework */,
				218C74DD17E63A64008F4A6B /* XCTest.framework */,
			);
			name = Frameworks;
			sourceTree = "<group>";
		};
		21DA4E271B9B9825004ADBBD /* Tests */ = {
			isa = PBXGroup;
			children = (
				21DA4E281B9B9825004ADBBD /* Info.plist */,
				21DA4E2C1B9B983A004ADBBD /* JWCacheTests.m */,
			);
			path = Tests;
			sourceTree = "<group>";
		};
/* End PBXGroup section */

/* Begin PBXHeadersBuildPhase section */
		21DA4E0B1B9B97E4004ADBBD /* Headers */ = {
			isa = PBXHeadersBuildPhase;
			buildActionMask = 2147483647;
			files = (
				21DA4E341B9B98CD004ADBBD /* JWCache+Private.h in Headers */,
				21DA4E2E1B9B9856004ADBBD /* JWCache.h in Headers */,
				21DA4E311B9B985C004ADBBD /* JWCache+Image.h in Headers */,
			);
			runOnlyForDeploymentPostprocessing = 0;
		};
		21DA4E371B9B9940004ADBBD /* Headers */ = {
			isa = PBXHeadersBuildPhase;
			buildActionMask = 2147483647;
			files = (
				21DA4E601B9B9960004ADBBD /* JWCache+Private.h in Headers */,
			);
			runOnlyForDeploymentPostprocessing = 0;
		};
		21DA4E531B9B994A004ADBBD /* Headers */ = {
			isa = PBXHeadersBuildPhase;
			buildActionMask = 2147483647;
			files = (
				21DA4E5F1B9B995F004ADBBD /* JWCache+Private.h in Headers */,
			);
			runOnlyForDeploymentPostprocessing = 0;
		};
/* End PBXHeadersBuildPhase section */

/* Begin PBXNativeTarget section */
		21DA4E0D1B9B97E4004ADBBD /* JWCache-iOS */ = {
			isa = PBXNativeTarget;
			buildConfigurationList = 21DA4E1F1B9B97E4004ADBBD /* Build configuration list for PBXNativeTarget "JWCache-iOS" */;
			buildPhases = (
				21DA4E091B9B97E4004ADBBD /* Sources */,
				21DA4E0A1B9B97E4004ADBBD /* Frameworks */,
				21DA4E0B1B9B97E4004ADBBD /* Headers */,
				21DA4E0C1B9B97E4004ADBBD /* Resources */,
			);
			buildRules = (
			);
			dependencies = (
			);
			name = "JWCache-iOS";
			productName = "SAMCache-iOS";
			productReference = 21DA4E0E1B9B97E4004ADBBD /* JWCache.framework */;
			productType = "com.apple.product-type.framework";
		};
		21DA4E161B9B97E4004ADBBD /* JWCacheTests-iOS */ = {
			isa = PBXNativeTarget;
			buildConfigurationList = 21DA4E221B9B97E4004ADBBD /* Build configuration list for PBXNativeTarget "JWCacheTests-iOS" */;
			buildPhases = (
				21DA4E131B9B97E4004ADBBD /* Sources */,
				21DA4E141B9B97E4004ADBBD /* Frameworks */,
				21DA4E151B9B97E4004ADBBD /* Resources */,
			);
			buildRules = (
			);
			dependencies = (
				21DA4E1A1B9B97E4004ADBBD /* PBXTargetDependency */,
			);
			name = "JWCacheTests-iOS";
			productName = "SAMCache-iOSTests";
			productReference = 21DA4E171B9B97E4004ADBBD /* JWCacheTests-iOS.xctest */;
			productType = "com.apple.product-type.bundle.unit-test";
		};
		21DA4E391B9B9940004ADBBD /* JWCache-OSX */ = {
			isa = PBXNativeTarget;
			buildConfigurationList = 21DA4E4B1B9B9941004ADBBD /* Build configuration list for PBXNativeTarget "JWCache-OSX" */;
			buildPhases = (
				21DA4E351B9B9940004ADBBD /* Sources */,
				21DA4E361B9B9940004ADBBD /* Frameworks */,
				21DA4E371B9B9940004ADBBD /* Headers */,
				21DA4E381B9B9940004ADBBD /* Resources */,
			);
			buildRules = (
			);
			dependencies = (
			);
			name = "JWCache-OSX";
			productName = "SAMCache-OSX";
			productReference = 21DA4E3A1B9B9940004ADBBD /* JWCache.framework */;
			productType = "com.apple.product-type.framework";
		};
		21DA4E421B9B9941004ADBBD /* JWCacheTests-OSX */ = {
			isa = PBXNativeTarget;
			buildConfigurationList = 21DA4E4E1B9B9941004ADBBD /* Build configuration list for PBXNativeTarget "JWCacheTests-OSX" */;
			buildPhases = (
				21DA4E3F1B9B9941004ADBBD /* Sources */,
				21DA4E401B9B9941004ADBBD /* Frameworks */,
				21DA4E411B9B9941004ADBBD /* Resources */,
			);
			buildRules = (
			);
			dependencies = (
				21DA4E461B9B9941004ADBBD /* PBXTargetDependency */,
			);
			name = "JWCacheTests-OSX";
			productName = "SAMCache-OSXTests";
			productReference = 21DA4E431B9B9941004ADBBD /* JWCacheTests.xctest */;
			productType = "com.apple.product-type.bundle.unit-test";
		};
		21DA4E551B9B994A004ADBBD /* JWCache-watchOS */ = {
			isa = PBXNativeTarget;
			buildConfigurationList = 21DA4E5B1B9B994A004ADBBD /* Build configuration list for PBXNativeTarget "JWCache-watchOS" */;
			buildPhases = (
				21DA4E511B9B994A004ADBBD /* Sources */,
				21DA4E521B9B994A004ADBBD /* Frameworks */,
				21DA4E531B9B994A004ADBBD /* Headers */,
				21DA4E541B9B994A004ADBBD /* Resources */,
			);
			buildRules = (
			);
			dependencies = (
			);
			name = "JWCache-watchOS";
			productName = "SAMCache-watchOS";
			productReference = 21DA4E561B9B994A004ADBBD /* JWCache.framework */;
			productType = "com.apple.product-type.framework";
		};
/* End PBXNativeTarget section */

/* Begin PBXProject section */
		218C74B917E63A64008F4A6B /* Project object */ = {
			isa = PBXProject;
			attributes = {
				CLASSPREFIX = JW;
				LastUpgradeCheck = 0700;
				ORGANIZATIONNAME = "Jeffery Wang";
				TargetAttributes = {
					21DA4E0D1B9B97E4004ADBBD = {
						CreatedOnToolsVersion = 7.0;
					};
					21DA4E161B9B97E4004ADBBD = {
						CreatedOnToolsVersion = 7.0;
					};
					21DA4E391B9B9940004ADBBD = {
						CreatedOnToolsVersion = 7.0;
					};
					21DA4E421B9B9941004ADBBD = {
						CreatedOnToolsVersion = 7.0;
					};
					21DA4E551B9B994A004ADBBD = {
						CreatedOnToolsVersion = 7.0;
					};
				};
			};
			buildConfigurationList = 218C74BC17E63A64008F4A6B /* Build configuration list for PBXProject "JWCache" */;
			compatibilityVersion = "Xcode 3.2";
			developmentRegion = English;
			hasScannedForEncodings = 0;
			knownRegions = (
				en,
			);
			mainGroup = 218C74B817E63A64008F4A6B;
			productRefGroup = 218C74C217E63A64008F4A6B /* Products */;
			projectDirPath = "";
			projectRoot = "";
			targets = (
				21DA4E0D1B9B97E4004ADBBD /* JWCache-iOS */,
				21DA4E161B9B97E4004ADBBD /* JWCacheTests-iOS */,
				21DA4E391B9B9940004ADBBD /* JWCache-OSX */,
				21DA4E421B9B9941004ADBBD /* JWCacheTests-OSX */,
				21DA4E551B9B994A004ADBBD /* JWCache-watchOS */,
			);
		};
/* End PBXProject section */

/* Begin PBXResourcesBuildPhase section */
		21DA4E0C1B9B97E4004ADBBD /* Resources */ = {
			isa = PBXResourcesBuildPhase;
			buildActionMask = 2147483647;
			files = (
			);
			runOnlyForDeploymentPostprocessing = 0;
		};
		21DA4E151B9B97E4004ADBBD /* Resources */ = {
			isa = PBXResourcesBuildPhase;
			buildActionMask = 2147483647;
			files = (
			);
			runOnlyForDeploymentPostprocessing = 0;
		};
		21DA4E381B9B9940004ADBBD /* Resources */ = {
			isa = PBXResourcesBuildPhase;
			buildActionMask = 2147483647;
			files = (
			);
			runOnlyForDeploymentPostprocessing = 0;
		};
		21DA4E411B9B9941004ADBBD /* Resources */ = {
			isa = PBXResourcesBuildPhase;
			buildActionMask = 2147483647;
			files = (
			);
			runOnlyForDeploymentPostprocessing = 0;
		};
		21DA4E541B9B994A004ADBBD /* Resources */ = {
			isa = PBXResourcesBuildPhase;
			buildActionMask = 2147483647;
			files = (
			);
			runOnlyForDeploymentPostprocessing = 0;
		};
/* End PBXResourcesBuildPhase section */

/* Begin PBXSourcesBuildPhase section */
		21DA4E091B9B97E4004ADBBD /* Sources */ = {
			isa = PBXSourcesBuildPhase;
			buildActionMask = 2147483647;
			files = (
				21DA4E2F1B9B985B004ADBBD /* JWCache.m in Sources */,
				21DA4E301B9B985B004ADBBD /* JWCache+Image.m in Sources */,
			);
			runOnlyForDeploymentPostprocessing = 0;
		};
		21DA4E131B9B97E4004ADBBD /* Sources */ = {
			isa = PBXSourcesBuildPhase;
			buildActionMask = 2147483647;
			files = (
				21DA4E321B9B989D004ADBBD /* JWCacheTests.m in Sources */,
			);
			runOnlyForDeploymentPostprocessing = 0;
		};
		21DA4E351B9B9940004ADBBD /* Sources */ = {
			isa = PBXSourcesBuildPhase;
			buildActionMask = 2147483647;
			files = (
				21DA4E611B9B9963004ADBBD /* JWCache.m in Sources */,
			);
			runOnlyForDeploymentPostprocessing = 0;
		};
		21DA4E3F1B9B9941004ADBBD /* Sources */ = {
			isa = PBXSourcesBuildPhase;
			buildActionMask = 2147483647;
			files = (
				21DA4E5E1B9B995C004ADBBD /* JWCacheTests.m in Sources */,
			);
			runOnlyForDeploymentPostprocessing = 0;
		};
		21DA4E511B9B994A004ADBBD /* Sources */ = {
			isa = PBXSourcesBuildPhase;
			buildActionMask = 2147483647;
			files = (
				21DA4E631B9B996A004ADBBD /* JWCache+Image.m in Sources */,
				21DA4E621B9B9968004ADBBD /* JWCache.m in Sources */,
			);
			runOnlyForDeploymentPostprocessing = 0;
		};
/* End PBXSourcesBuildPhase section */

/* Begin PBXTargetDependency section */
		21DA4E1A1B9B97E4004ADBBD /* PBXTargetDependency */ = {
			isa = PBXTargetDependency;
			target = 21DA4E0D1B9B97E4004ADBBD /* JWCache-iOS */;
			targetProxy = 21DA4E191B9B97E4004ADBBD /* PBXContainerItemProxy */;
		};
		21DA4E461B9B9941004ADBBD /* PBXTargetDependency */ = {
			isa = PBXTargetDependency;
			target = 21DA4E391B9B9940004ADBBD /* JWCache-OSX */;
			targetProxy = 21DA4E451B9B9941004ADBBD /* PBXContainerItemProxy */;
		};
/* End PBXTargetDependency section */

/* Begin XCBuildConfiguration section */
		218C74EB17E63A64008F4A6B /* Debug */ = {
			isa = XCBuildConfiguration;
			buildSettings = {
				ALWAYS_SEARCH_USER_PATHS = NO;
				CLANG_CXX_LANGUAGE_STANDARD = "gnu++0x";
				CLANG_CXX_LIBRARY = "libc++";
				CLANG_ENABLE_MODULES = YES;
				CLANG_ENABLE_OBJC_ARC = YES;
				CLANG_WARN_BOOL_CONVERSION = YES;
				CLANG_WARN_CONSTANT_CONVERSION = YES;
				CLANG_WARN_DIRECT_OBJC_ISA_USAGE = YES_ERROR;
				CLANG_WARN_EMPTY_BODY = YES;
				CLANG_WARN_ENUM_CONVERSION = YES;
				CLANG_WARN_INT_CONVERSION = YES;
				CLANG_WARN_OBJC_ROOT_CLASS = YES_ERROR;
				CLANG_WARN__DUPLICATE_METHOD_MATCH = YES;
				"CODE_SIGN_IDENTITY[sdk=iphoneos*]" = "iPhone Developer";
				COPY_PHASE_STRIP = NO;
				ENABLE_TESTABILITY = YES;
				GCC_C_LANGUAGE_STANDARD = gnu99;
				GCC_DYNAMIC_NO_PIC = NO;
				GCC_OPTIMIZATION_LEVEL = 0;
				GCC_PREPROCESSOR_DEFINITIONS = (
					"DEBUG=1",
					"$(inherited)",
				);
				GCC_SYMBOLS_PRIVATE_EXTERN = NO;
				GCC_WARN_ABOUT_RETURN_TYPE = YES_ERROR;
				GCC_WARN_UNDECLARED_SELECTOR = YES;
				GCC_WARN_UNINITIALIZED_AUTOS = YES;
				GCC_WARN_UNUSED_FUNCTION = YES;
				GCC_WARN_UNUSED_VARIABLE = YES;
				IPHONEOS_DEPLOYMENT_TARGET = 7.0;
				MACOSX_DEPLOYMENT_TARGET = 10.9;
				ONLY_ACTIVE_ARCH = YES;
				SDKROOT = iphoneos;
				TARGETED_DEVICE_FAMILY = "1,2";
				WARNING_CFLAGS = (
					"-Weverything",
					"-Wno-missing-variable-declarations",
				);
			};
			name = Debug;
		};
		218C74EC17E63A64008F4A6B /* Release */ = {
			isa = XCBuildConfiguration;
			buildSettings = {
				ALWAYS_SEARCH_USER_PATHS = NO;
				CLANG_CXX_LANGUAGE_STANDARD = "gnu++0x";
				CLANG_CXX_LIBRARY = "libc++";
				CLANG_ENABLE_MODULES = YES;
				CLANG_ENABLE_OBJC_ARC = YES;
				CLANG_WARN_BOOL_CONVERSION = YES;
				CLANG_WARN_CONSTANT_CONVERSION = YES;
				CLANG_WARN_DIRECT_OBJC_ISA_USAGE = YES_ERROR;
				CLANG_WARN_EMPTY_BODY = YES;
				CLANG_WARN_ENUM_CONVERSION = YES;
				CLANG_WARN_INT_CONVERSION = YES;
				CLANG_WARN_OBJC_ROOT_CLASS = YES_ERROR;
				CLANG_WARN__DUPLICATE_METHOD_MATCH = YES;
				"CODE_SIGN_IDENTITY[sdk=iphoneos*]" = "iPhone Developer";
				COPY_PHASE_STRIP = YES;
				ENABLE_NS_ASSERTIONS = NO;
				GCC_C_LANGUAGE_STANDARD = gnu99;
				GCC_WARN_ABOUT_RETURN_TYPE = YES_ERROR;
				GCC_WARN_UNDECLARED_SELECTOR = YES;
				GCC_WARN_UNINITIALIZED_AUTOS = YES;
				GCC_WARN_UNUSED_FUNCTION = YES;
				GCC_WARN_UNUSED_VARIABLE = YES;
				IPHONEOS_DEPLOYMENT_TARGET = 7.0;
				MACOSX_DEPLOYMENT_TARGET = 10.9;
				SDKROOT = iphoneos;
				TARGETED_DEVICE_FAMILY = "1,2";
				VALIDATE_PRODUCT = YES;
				WARNING_CFLAGS = (
					"-Weverything",
					"-Wno-missing-variable-declarations",
				);
			};
			name = Release;
		};
		21DA4E201B9B97E4004ADBBD /* Debug */ = {
			isa = XCBuildConfiguration;
			buildSettings = {
				CLANG_WARN_UNREACHABLE_CODE = YES;
				CURRENT_PROJECT_VERSION = 1;
				DEBUG_INFORMATION_FORMAT = dwarf;
				DEFINES_MODULE = YES;
				DYLIB_COMPATIBILITY_VERSION = 1;
				DYLIB_CURRENT_VERSION = 1;
				DYLIB_INSTALL_NAME_BASE = "@rpath";
				ENABLE_STRICT_OBJC_MSGSEND = YES;
				ENABLE_TESTABILITY = YES;
				GCC_NO_COMMON_BLOCKS = YES;
				GCC_WARN_64_TO_32_BIT_CONVERSION = YES;
				GCC_WARN_UNINITIALIZED_AUTOS = YES_AGGRESSIVE;
				INFOPLIST_FILE = "$(SRCROOT)/JWCache/Info.plist";
				INSTALL_PATH = "$(LOCAL_LIBRARY_DIR)/Frameworks";
				LD_RUNPATH_SEARCH_PATHS = "$(inherited) @executable_path/Frameworks @loader_path/Frameworks";
				MTL_ENABLE_DEBUG_INFO = YES;
				PRODUCT_BUNDLE_IDENTIFIER = in.elloc.jwcache;
				PRODUCT_NAME = JWCache;
				SKIP_INSTALL = YES;
				VERSIONING_SYSTEM = "apple-generic";
				VERSION_INFO_PREFIX = "";
			};
			name = Debug;
		};
		21DA4E211B9B97E4004ADBBD /* Release */ = {
			isa = XCBuildConfiguration;
			buildSettings = {
				CLANG_WARN_UNREACHABLE_CODE = YES;
				COPY_PHASE_STRIP = NO;
				CURRENT_PROJECT_VERSION = 1;
				DEBUG_INFORMATION_FORMAT = "dwarf-with-dsym";
				DEFINES_MODULE = YES;
				DYLIB_COMPATIBILITY_VERSION = 1;
				DYLIB_CURRENT_VERSION = 1;
				DYLIB_INSTALL_NAME_BASE = "@rpath";
				ENABLE_STRICT_OBJC_MSGSEND = YES;
				GCC_NO_COMMON_BLOCKS = YES;
				GCC_WARN_64_TO_32_BIT_CONVERSION = YES;
				GCC_WARN_UNINITIALIZED_AUTOS = YES_AGGRESSIVE;
				INFOPLIST_FILE = "$(SRCROOT)/JWCache/Info.plist";
				INSTALL_PATH = "$(LOCAL_LIBRARY_DIR)/Frameworks";
				LD_RUNPATH_SEARCH_PATHS = "$(inherited) @executable_path/Frameworks @loader_path/Frameworks";
				MTL_ENABLE_DEBUG_INFO = NO;
				PRODUCT_BUNDLE_IDENTIFIER = in.elloc.jwcache;
				PRODUCT_NAME = JWCache;
				SKIP_INSTALL = YES;
				VERSIONING_SYSTEM = "apple-generic";
				VERSION_INFO_PREFIX = "";
			};
			name = Release;
		};
		21DA4E231B9B97E4004ADBBD /* Debug */ = {
			isa = XCBuildConfiguration;
			buildSettings = {
				CLANG_WARN_UNREACHABLE_CODE = YES;
				DEBUG_INFORMATION_FORMAT = dwarf;
				ENABLE_STRICT_OBJC_MSGSEND = YES;
				ENABLE_TESTABILITY = YES;
				GCC_NO_COMMON_BLOCKS = YES;
				GCC_WARN_64_TO_32_BIT_CONVERSION = YES;
				GCC_WARN_UNINITIALIZED_AUTOS = YES_AGGRESSIVE;
				INFOPLIST_FILE = Tests/Info.plist;
				IPHONEOS_DEPLOYMENT_TARGET = 9.0;
				LD_RUNPATH_SEARCH_PATHS = "$(inherited) @executable_path/Frameworks @loader_path/Frameworks";
				MTL_ENABLE_DEBUG_INFO = YES;
				PRODUCT_BUNDLE_IDENTIFIER = "in.elloc.JWCache-iOSTests";
				PRODUCT_NAME = "$(TARGET_NAME)";
			};
			name = Debug;
		};
		21DA4E241B9B97E4004ADBBD /* Release */ = {
			isa = XCBuildConfiguration;
			buildSettings = {
				CLANG_WARN_UNREACHABLE_CODE = YES;
				COPY_PHASE_STRIP = NO;
				DEBUG_INFORMATION_FORMAT = "dwarf-with-dsym";
				ENABLE_STRICT_OBJC_MSGSEND = YES;
				GCC_NO_COMMON_BLOCKS = YES;
				GCC_WARN_64_TO_32_BIT_CONVERSION = YES;
				GCC_WARN_UNINITIALIZED_AUTOS = YES_AGGRESSIVE;
				INFOPLIST_FILE = Tests/Info.plist;
				IPHONEOS_DEPLOYMENT_TARGET = 9.0;
				LD_RUNPATH_SEARCH_PATHS = "$(inherited) @executable_path/Frameworks @loader_path/Frameworks";
				MTL_ENABLE_DEBUG_INFO = NO;
				PRODUCT_BUNDLE_IDENTIFIER = "in.elloc.JWCache-iOSTests";
				PRODUCT_NAME = "$(TARGET_NAME)";
			};
			name = Release;
		};
		21DA4E4C1B9B9941004ADBBD /* Debug */ = {
			isa = XCBuildConfiguration;
			buildSettings = {
				CLANG_WARN_UNREACHABLE_CODE = YES;
				COMBINE_HIDPI_IMAGES = YES;
				CURRENT_PROJECT_VERSION = 1;
				DEBUG_INFORMATION_FORMAT = dwarf;
				DEFINES_MODULE = YES;
				DYLIB_COMPATIBILITY_VERSION = 1;
				DYLIB_CURRENT_VERSION = 1;
				DYLIB_INSTALL_NAME_BASE = "@rpath";
				ENABLE_STRICT_OBJC_MSGSEND = YES;
				FRAMEWORK_VERSION = A;
				GCC_NO_COMMON_BLOCKS = YES;
				GCC_WARN_64_TO_32_BIT_CONVERSION = YES;
				GCC_WARN_UNINITIALIZED_AUTOS = YES_AGGRESSIVE;
				INFOPLIST_FILE = "$(SRCROOT)/JWCache/Info.plist";
				INSTALL_PATH = "$(LOCAL_LIBRARY_DIR)/Frameworks";
				LD_RUNPATH_SEARCH_PATHS = "$(inherited) @executable_path/../Frameworks @loader_path/Frameworks";
				MTL_ENABLE_DEBUG_INFO = YES;
				PRODUCT_BUNDLE_IDENTIFIER = in.elloc.cahe;
				PRODUCT_NAME = JWCache;
				SDKROOT = macosx;
				SKIP_INSTALL = YES;
				VERSIONING_SYSTEM = "apple-generic";
				VERSION_INFO_PREFIX = "";
			};
			name = Debug;
		};
		21DA4E4D1B9B9941004ADBBD /* Release */ = {
			isa = XCBuildConfiguration;
			buildSettings = {
				CLANG_WARN_UNREACHABLE_CODE = YES;
				COMBINE_HIDPI_IMAGES = YES;
				COPY_PHASE_STRIP = NO;
				CURRENT_PROJECT_VERSION = 1;
				DEBUG_INFORMATION_FORMAT = "dwarf-with-dsym";
				DEFINES_MODULE = YES;
				DYLIB_COMPATIBILITY_VERSION = 1;
				DYLIB_CURRENT_VERSION = 1;
				DYLIB_INSTALL_NAME_BASE = "@rpath";
				ENABLE_STRICT_OBJC_MSGSEND = YES;
				FRAMEWORK_VERSION = A;
				GCC_NO_COMMON_BLOCKS = YES;
				GCC_WARN_64_TO_32_BIT_CONVERSION = YES;
				GCC_WARN_UNINITIALIZED_AUTOS = YES_AGGRESSIVE;
				INFOPLIST_FILE = "$(SRCROOT)/JWCache/Info.plist";
				INSTALL_PATH = "$(LOCAL_LIBRARY_DIR)/Frameworks";
				LD_RUNPATH_SEARCH_PATHS = "$(inherited) @executable_path/../Frameworks @loader_path/Frameworks";
				MTL_ENABLE_DEBUG_INFO = NO;
				PRODUCT_BUNDLE_IDENTIFIER = in.elloc.cahe;
				PRODUCT_NAME = JWCache;
				SDKROOT = macosx;
				SKIP_INSTALL = YES;
				VERSIONING_SYSTEM = "apple-generic";
				VERSION_INFO_PREFIX = "";
			};
			name = Release;
		};
		21DA4E4F1B9B9941004ADBBD /* Debug */ = {
			isa = XCBuildConfiguration;
			buildSettings = {
				CLANG_WARN_UNREACHABLE_CODE = YES;
				COMBINE_HIDPI_IMAGES = YES;
				DEBUG_INFORMATION_FORMAT = dwarf;
				ENABLE_STRICT_OBJC_MSGSEND = YES;
				GCC_NO_COMMON_BLOCKS = YES;
				GCC_WARN_64_TO_32_BIT_CONVERSION = YES;
				GCC_WARN_UNINITIALIZED_AUTOS = YES_AGGRESSIVE;
				INFOPLIST_FILE = Tests/Info.plist;
				LD_RUNPATH_SEARCH_PATHS = "$(inherited) @executable_path/../Frameworks @loader_path/../Frameworks";
				MACOSX_DEPLOYMENT_TARGET = 10.11;
				MTL_ENABLE_DEBUG_INFO = YES;
				PRODUCT_BUNDLE_IDENTIFIER = "in.elloc.JWCache-OSXTests";
				PRODUCT_NAME = JWCacheTests;
				SDKROOT = macosx;
			};
			name = Debug;
		};
		21DA4E501B9B9941004ADBBD /* Release */ = {
			isa = XCBuildConfiguration;
			buildSettings = {
				CLANG_WARN_UNREACHABLE_CODE = YES;
				COMBINE_HIDPI_IMAGES = YES;
				COPY_PHASE_STRIP = NO;
				DEBUG_INFORMATION_FORMAT = "dwarf-with-dsym";
				ENABLE_STRICT_OBJC_MSGSEND = YES;
				GCC_NO_COMMON_BLOCKS = YES;
				GCC_WARN_64_TO_32_BIT_CONVERSION = YES;
				GCC_WARN_UNINITIALIZED_AUTOS = YES_AGGRESSIVE;
				INFOPLIST_FILE = Tests/Info.plist;
				LD_RUNPATH_SEARCH_PATHS = "$(inherited) @executable_path/../Frameworks @loader_path/../Frameworks";
				MACOSX_DEPLOYMENT_TARGET = 10.11;
				MTL_ENABLE_DEBUG_INFO = NO;
				PRODUCT_BUNDLE_IDENTIFIER = "in.elloc.JWCache-OSXTests";
				PRODUCT_NAME = JWCacheTests;
				SDKROOT = macosx;
			};
			name = Release;
		};
		21DA4E5C1B9B994A004ADBBD /* Debug */ = {
			isa = XCBuildConfiguration;
			buildSettings = {
				CLANG_WARN_UNREACHABLE_CODE = YES;
				CURRENT_PROJECT_VERSION = 1;
				DEBUG_INFORMATION_FORMAT = dwarf;
				DEFINES_MODULE = YES;
				DYLIB_COMPATIBILITY_VERSION = 1;
				DYLIB_CURRENT_VERSION = 1;
				DYLIB_INSTALL_NAME_BASE = "@rpath";
				ENABLE_STRICT_OBJC_MSGSEND = YES;
				GCC_NO_COMMON_BLOCKS = YES;
				GCC_WARN_64_TO_32_BIT_CONVERSION = YES;
				GCC_WARN_UNINITIALIZED_AUTOS = YES_AGGRESSIVE;
				INFOPLIST_FILE = JWCache/Info.plist;
				INSTALL_PATH = "$(LOCAL_LIBRARY_DIR)/Frameworks";
				LD_RUNPATH_SEARCH_PATHS = "$(inherited) @executable_path/Frameworks @loader_path/Frameworks";
				MTL_ENABLE_DEBUG_INFO = YES;
				PRODUCT_BUNDLE_IDENTIFIER = in.elloc.cache;
				PRODUCT_NAME = JWCache;
				SDKROOT = watchos;
				SKIP_INSTALL = YES;
				TARGETED_DEVICE_FAMILY = 4;
				VERSIONING_SYSTEM = "apple-generic";
				VERSION_INFO_PREFIX = "";
			};
			name = Debug;
		};
		21DA4E5D1B9B994A004ADBBD /* Release */ = {
			isa = XCBuildConfiguration;
			buildSettings = {
				CLANG_WARN_UNREACHABLE_CODE = YES;
				COPY_PHASE_STRIP = NO;
				CURRENT_PROJECT_VERSION = 1;
				DEBUG_INFORMATION_FORMAT = "dwarf-with-dsym";
				DEFINES_MODULE = YES;
				DYLIB_COMPATIBILITY_VERSION = 1;
				DYLIB_CURRENT_VERSION = 1;
				DYLIB_INSTALL_NAME_BASE = "@rpath";
				ENABLE_STRICT_OBJC_MSGSEND = YES;
				GCC_NO_COMMON_BLOCKS = YES;
				GCC_WARN_64_TO_32_BIT_CONVERSION = YES;
				GCC_WARN_UNINITIALIZED_AUTOS = YES_AGGRESSIVE;
				INFOPLIST_FILE = JWCache/Info.plist;
				INSTALL_PATH = "$(LOCAL_LIBRARY_DIR)/Frameworks";
				LD_RUNPATH_SEARCH_PATHS = "$(inherited) @executable_path/Frameworks @loader_path/Frameworks";
				MTL_ENABLE_DEBUG_INFO = NO;
				PRODUCT_BUNDLE_IDENTIFIER = in.elloc.cache;
				PRODUCT_NAME = JWCache;
				SDKROOT = watchos;
				SKIP_INSTALL = YES;
				TARGETED_DEVICE_FAMILY = 4;
				VERSIONING_SYSTEM = "apple-generic";
				VERSION_INFO_PREFIX = "";
			};
			name = Release;
		};
/* End XCBuildConfiguration section */

/* Begin XCConfigurationList section */
		218C74BC17E63A64008F4A6B /* Build configuration list for PBXProject "JWCache" */ = {
			isa = XCConfigurationList;
			buildConfigurations = (
				218C74EB17E63A64008F4A6B /* Debug */,
				218C74EC17E63A64008F4A6B /* Release */,
			);
			defaultConfigurationIsVisible = 0;
			defaultConfigurationName = Release;
		};
		21DA4E1F1B9B97E4004ADBBD /* Build configuration list for PBXNativeTarget "JWCache-iOS" */ = {
			isa = XCConfigurationList;
			buildConfigurations = (
				21DA4E201B9B97E4004ADBBD /* Debug */,
				21DA4E211B9B97E4004ADBBD /* Release */,
			);
			defaultConfigurationIsVisible = 0;
			defaultConfigurationName = Release;
		};
		21DA4E221B9B97E4004ADBBD /* Build configuration list for PBXNativeTarget "JWCacheTests-iOS" */ = {
			isa = XCConfigurationList;
			buildConfigurations = (
				21DA4E231B9B97E4004ADBBD /* Debug */,
				21DA4E241B9B97E4004ADBBD /* Release */,
			);
			defaultConfigurationIsVisible = 0;
			defaultConfigurationName = Release;
		};
		21DA4E4B1B9B9941004ADBBD /* Build configuration list for PBXNativeTarget "JWCache-OSX" */ = {
			isa = XCConfigurationList;
			buildConfigurations = (
				21DA4E4C1B9B9941004ADBBD /* Debug */,
				21DA4E4D1B9B9941004ADBBD /* Release */,
			);
			defaultConfigurationIsVisible = 0;
			defaultConfigurationName = Release;
		};
		21DA4E4E1B9B9941004ADBBD /* Build configuration list for PBXNativeTarget "JWCacheTests-OSX" */ = {
			isa = XCConfigurationList;
			buildConfigurations = (
				21DA4E4F1B9B9941004ADBBD /* Debug */,
				21DA4E501B9B9941004ADBBD /* Release */,
			);
			defaultConfigurationIsVisible = 0;
			defaultConfigurationName = Release;
		};
		21DA4E5B1B9B994A004ADBBD /* Build configuration list for PBXNativeTarget "JWCache-watchOS" */ = {
			isa = XCConfigurationList;
			buildConfigurations = (
				21DA4E5C1B9B994A004ADBBD /* Debug */,
				21DA4E5D1B9B994A004ADBBD /* Release */,
			);
			defaultConfigurationIsVisible = 0;
			defaultConfigurationName = Release;
		};
/* End XCConfigurationList section */
	};
	rootObject = 218C74B917E63A64008F4A6B /* Project object */;
}
